
Microsoft Visual Studio Solution File, Format Version 12.00
# Visual Studio 14
VisualStudioVersion = 14.0.23107.0
MinimumVisualStudioVersion = 10.0.40219.1
Project("{FAE04EC0-301F-11D3-BF4B-00C04F79EFBC}") = "DaveGrohlAnalyzer", "DaveGrohlAnalyzer\DaveGrohlAnalyzer\DaveGrohlAnalyzer.csproj", "{3FBA2945-559B-4253-A3DB-83C1E5746C94}"
EndProject
Project("{FAE04EC0-301F-11D3-BF4B-00C04F79EFBC}") = "DaveGrohlAnalyzer.Test", "DaveGrohlAnalyzer\DaveGrohlAnalyzer.Test\DaveGrohlAnalyzer.Test.csproj", "{EB6F242E-E4FB-4F6F-8BC1-BDEC998851AA}"
EndProject
Project("{FAE04EC0-301F-11D3-BF4B-00C04F79EFBC}") = "DaveGrohlAnalyzer.Vsix", "DaveGrohlAnalyzer\DaveGrohlAnalyzer.Vsix\DaveGrohlAnalyzer.Vsix.csproj", "{21C28692-A811-48FA-905E-89F705D29602}"
EndProject
Global
	GlobalSection(SolutionConfigurationPlatforms) = preSolution
		Debug|Any CPU = Debug|Any CPU
		Release|Any CPU = Release|Any CPU
	EndGlobalSection
	GlobalSection(ProjectConfigurationPlatforms) = postSolution
		{3FBA2945-559B-4253-A3DB-83C1E5746C94}.Debug|Any CPU.ActiveCfg = Debug|Any CPU
		{3FBA2945-559B-4253-A3DB-83C1E5746C94}.Debug|Any CPU.Build.0 = Debug|Any CPU
		{3FBA2945-559B-4253-A3DB-83C1E5746C94}.Release|Any CPU.ActiveCfg = Release|Any CPU
		{3FBA2945-559B-4253-A3DB-83C1E5746C94}.Release|Any CPU.Build.0 = Release|Any CPU
		{EB6F242E-E4FB-4F6F-8BC1-BDEC998851AA}.Debug|Any CPU.ActiveCfg = Debug|Any CPU
		{EB6F242E-E4FB-4F6F-8BC1-BDEC998851AA}.Debug|Any CPU.Build.0 = Debug|Any CPU
		{EB6F242E-E4FB-4F6F-8BC1-BDEC998851AA}.Release|Any CPU.ActiveCfg = Release|Any CPU
		{EB6F242E-E4FB-4F6F-8BC1-BDEC998851AA}.Release|Any CPU.Build.0 = Release|Any CPU
		{21C28692-A811-48FA-905E-89F705D29602}.Debug|Any CPU.ActiveCfg = Debug|Any CPU
		{21C28692-A811-48FA-905E-89F705D29602}.Debug|Any CPU.Build.0 = Debug|Any CPU
		{21C28692-A811-48FA-905E-89F705D29602}.Release|Any CPU.ActiveCfg = Release|Any CPU
		{21C28692-A811-48FA-905E-89F705D29602}.Release|Any CPU.Build.0 = Release|Any CPU
	EndGlobalSection
	GlobalSection(SolutionProperties) = preSolution
		HideSolutionNode = FALSE
	EndGlobalSection
EndGlobal
